
Microsoft Visual Studio Solution File, Format Version 12.00
# Visual Studio 15
VisualStudioVersion = 15.0.27703.2047
MinimumVisualStudioVersion = 10.0.40219.1
Project("{FAE04EC0-301F-11D3-BF4B-00C04F79EFBC}") = "Entidades", "Entidades\Entidades.csproj", "{4252DD24-A7F5-486C-90DF-ED45B8979F92}"
EndProject
Project("{FAE04EC0-301F-11D3-BF4B-00C04F79EFBC}") = "RPP", "RPP\RPP.csproj", "{ECBE583E-3660-448B-AED5-6B6C5202D008}"
EndProject
Project("{FAE04EC0-301F-11D3-BF4B-00C04F79EFBC}") = "Sender", "Sender\Sender.csproj", "{F1B82DD4-D5A4-4E54-99F9-74E62FF08C1C}"
EndProject
Global
	GlobalSection(SolutionConfigurationPlatforms) = preSolution
		Debug|Any CPU = Debug|Any CPU
		Release|Any CPU = Release|Any CPU
	EndGlobalSection
	GlobalSection(ProjectConfigurationPlatforms) = postSolution
		{4252DD24-A7F5-486C-90DF-ED45B8979F92}.Debug|Any CPU.ActiveCfg = Debug|Any CPU
		{4252DD24-A7F5-486C-90DF-ED45B8979F92}.Debug|Any CPU.Build.0 = Debug|Any CPU
		{4252DD24-A7F5-486C-90DF-ED45B8979F92}.Release|Any CPU.ActiveCfg = Release|Any CPU
		{4252DD24-A7F5-486C-90DF-ED45B8979F92}.Release|Any CPU.Build.0 = Release|Any CPU
		{ECBE583E-3660-448B-AED5-6B6C5202D008}.Debug|Any CPU.ActiveCfg = Debug|Any CPU
		{ECBE583E-3660-448B-AED5-6B6C5202D008}.Debug|Any CPU.Build.0 = Debug|Any CPU
		{ECBE583E-3660-448B-AED5-6B6C5202D008}.Release|Any CPU.ActiveCfg = Release|Any CPU
		{ECBE583E-3660-448B-AED5-6B6C5202D008}.Release|Any CPU.Build.0 = Release|Any CPU
		{F1B82DD4-D5A4-4E54-99F9-74E62FF08C1C}.Debug|Any CPU.ActiveCfg = Debug|Any CPU
		{F1B82DD4-D5A4-4E54-99F9-74E62FF08C1C}.Debug|Any CPU.Build.0 = Debug|Any CPU
		{F1B82DD4-D5A4-4E54-99F9-74E62FF08C1C}.Release|Any CPU.ActiveCfg = Release|Any CPU
		{F1B82DD4-D5A4-4E54-99F9-74E62FF08C1C}.Release|Any CPU.Build.0 = Release|Any CPU
	EndGlobalSection
	GlobalSection(SolutionProperties) = preSolution
		HideSolutionNode = FALSE
	EndGlobalSection
	GlobalSection(ExtensibilityGlobals) = postSolution
		SolutionGuid = {3A9AAC80-CC1A-4B6F-8EB5-1E5B509CA95A}
	EndGlobalSection
EndGlobal
