
Microsoft Visual Studio Solution File, Format Version 12.00
# Visual Studio Express 15 for Windows Desktop
VisualStudioVersion = 15.0.28010.2026
MinimumVisualStudioVersion = 10.0.40219.1
Project("{FAE04EC0-301F-11D3-BF4B-00C04F79EFBC}") = "Entidades", "Entidades\Entidades.csproj", "{72E5834A-EDD8-441A-8E5F-146AE56A3BC0}"
EndProject
Global
	GlobalSection(SolutionConfigurationPlatforms) = preSolution
		Debug|Any CPU = Debug|Any CPU
		Release|Any CPU = Release|Any CPU
	EndGlobalSection
	GlobalSection(ProjectConfigurationPlatforms) = postSolution
		{72E5834A-EDD8-441A-8E5F-146AE56A3BC0}.Debug|Any CPU.ActiveCfg = Debug|Any CPU
		{72E5834A-EDD8-441A-8E5F-146AE56A3BC0}.Debug|Any CPU.Build.0 = Debug|Any CPU
		{72E5834A-EDD8-441A-8E5F-146AE56A3BC0}.Release|Any CPU.ActiveCfg = Release|Any CPU
		{72E5834A-EDD8-441A-8E5F-146AE56A3BC0}.Release|Any CPU.Build.0 = Release|Any CPU
	EndGlobalSection
	GlobalSection(SolutionProperties) = preSolution
		HideSolutionNode = FALSE
	EndGlobalSection
	GlobalSection(ExtensibilityGlobals) = postSolution
		SolutionGuid = {40DB002D-FDEE-4566-90AE-68EC20643B1A}
	EndGlobalSection
EndGlobal
