
Microsoft Visual Studio Solution File, Format Version 12.00
# Visual Studio 15
VisualStudioVersion = 15.0.27703.2047
MinimumVisualStudioVersion = 10.0.40219.1
Project("{FAE04EC0-301F-11D3-BF4B-00C04F79EFBC}") = "FrmLista", "FrmLista\FrmLista.csproj", "{3AB51598-DEBE-4B4C-80FF-F3355C53D3CA}"
EndProject
Project("{FAE04EC0-301F-11D3-BF4B-00C04F79EFBC}") = "FrmPersona", "FrmPersona\FrmPersona.csproj", "{9261A384-8F68-4797-8148-E168A8AC02EE}"
EndProject
Global
	GlobalSection(SolutionConfigurationPlatforms) = preSolution
		Debug|Any CPU = Debug|Any CPU
		Release|Any CPU = Release|Any CPU
	EndGlobalSection
	GlobalSection(ProjectConfigurationPlatforms) = postSolution
		{3AB51598-DEBE-4B4C-80FF-F3355C53D3CA}.Debug|Any CPU.ActiveCfg = Debug|Any CPU
		{3AB51598-DEBE-4B4C-80FF-F3355C53D3CA}.Debug|Any CPU.Build.0 = Debug|Any CPU
		{3AB51598-DEBE-4B4C-80FF-F3355C53D3CA}.Release|Any CPU.ActiveCfg = Release|Any CPU
		{3AB51598-DEBE-4B4C-80FF-F3355C53D3CA}.Release|Any CPU.Build.0 = Release|Any CPU
		{9261A384-8F68-4797-8148-E168A8AC02EE}.Debug|Any CPU.ActiveCfg = Debug|Any CPU
		{9261A384-8F68-4797-8148-E168A8AC02EE}.Debug|Any CPU.Build.0 = Debug|Any CPU
		{9261A384-8F68-4797-8148-E168A8AC02EE}.Release|Any CPU.ActiveCfg = Release|Any CPU
		{9261A384-8F68-4797-8148-E168A8AC02EE}.Release|Any CPU.Build.0 = Release|Any CPU
	EndGlobalSection
	GlobalSection(SolutionProperties) = preSolution
		HideSolutionNode = FALSE
	EndGlobalSection
	GlobalSection(ExtensibilityGlobals) = postSolution
		SolutionGuid = {75F9FB4D-41FD-4D25-9A67-86E0F22FFF86}
	EndGlobalSection
EndGlobal
