
Microsoft Visual Studio Solution File, Format Version 12.00
# Visual Studio 15
VisualStudioVersion = 15.0.27703.2047
MinimumVisualStudioVersion = 10.0.40219.1
Project("{FAE04EC0-301F-11D3-BF4B-00C04F79EFBC}") = "Entidades", "Entidades\Entidades.csproj", "{E175A553-C713-4407-9440-1EF69D6A81EE}"
EndProject
Project("{FAE04EC0-301F-11D3-BF4B-00C04F79EFBC}") = "Test", "Test\Test.csproj", "{0E5130A5-F5A5-4FB8-BB82-5A2052FCC29C}"
EndProject
Project("{FAE04EC0-301F-11D3-BF4B-00C04F79EFBC}") = "GUI", "GUI\GUI.csproj", "{5EECA1A3-1B6D-4E0B-B320-E25EEF1FA329}"
EndProject
Global
	GlobalSection(SolutionConfigurationPlatforms) = preSolution
		Debug|Any CPU = Debug|Any CPU
		Release|Any CPU = Release|Any CPU
	EndGlobalSection
	GlobalSection(ProjectConfigurationPlatforms) = postSolution
		{E175A553-C713-4407-9440-1EF69D6A81EE}.Debug|Any CPU.ActiveCfg = Debug|Any CPU
		{E175A553-C713-4407-9440-1EF69D6A81EE}.Debug|Any CPU.Build.0 = Debug|Any CPU
		{E175A553-C713-4407-9440-1EF69D6A81EE}.Release|Any CPU.ActiveCfg = Release|Any CPU
		{E175A553-C713-4407-9440-1EF69D6A81EE}.Release|Any CPU.Build.0 = Release|Any CPU
		{0E5130A5-F5A5-4FB8-BB82-5A2052FCC29C}.Debug|Any CPU.ActiveCfg = Debug|Any CPU
		{0E5130A5-F5A5-4FB8-BB82-5A2052FCC29C}.Debug|Any CPU.Build.0 = Debug|Any CPU
		{0E5130A5-F5A5-4FB8-BB82-5A2052FCC29C}.Release|Any CPU.ActiveCfg = Release|Any CPU
		{0E5130A5-F5A5-4FB8-BB82-5A2052FCC29C}.Release|Any CPU.Build.0 = Release|Any CPU
		{5EECA1A3-1B6D-4E0B-B320-E25EEF1FA329}.Debug|Any CPU.ActiveCfg = Debug|Any CPU
		{5EECA1A3-1B6D-4E0B-B320-E25EEF1FA329}.Debug|Any CPU.Build.0 = Debug|Any CPU
		{5EECA1A3-1B6D-4E0B-B320-E25EEF1FA329}.Release|Any CPU.ActiveCfg = Release|Any CPU
		{5EECA1A3-1B6D-4E0B-B320-E25EEF1FA329}.Release|Any CPU.Build.0 = Release|Any CPU
	EndGlobalSection
	GlobalSection(SolutionProperties) = preSolution
		HideSolutionNode = FALSE
	EndGlobalSection
	GlobalSection(ExtensibilityGlobals) = postSolution
		SolutionGuid = {1B7D24C3-03E2-4983-A33A-1C72F4EA584B}
	EndGlobalSection
EndGlobal
