
Microsoft Visual Studio Solution File, Format Version 12.00
# Visual Studio 15
VisualStudioVersion = 15.0.27703.2047
MinimumVisualStudioVersion = 10.0.40219.1
Project("{FAE04EC0-301F-11D3-BF4B-00C04F79EFBC}") = "Ejercicio_01", "Ejercicio_01\Ejercicio_01.csproj", "{31480ECE-5516-40E6-867D-CA6203459547}"
EndProject
Project("{FAE04EC0-301F-11D3-BF4B-00C04F79EFBC}") = "Ejercicio_02", "Ejercicio_02\Ejercicio_02.csproj", "{5CC6FEBE-F321-483C-BF80-AB2EAD50B875}"
EndProject
Project("{FAE04EC0-301F-11D3-BF4B-00C04F79EFBC}") = "Ejercicio_03", "Ejercicio_03\Ejercicio_03.csproj", "{8C9B3D32-8A75-4898-AE65-AD8BF9D1FB02}"
EndProject
Global
	GlobalSection(SolutionConfigurationPlatforms) = preSolution
		Debug|Any CPU = Debug|Any CPU
		Release|Any CPU = Release|Any CPU
	EndGlobalSection
	GlobalSection(ProjectConfigurationPlatforms) = postSolution
		{31480ECE-5516-40E6-867D-CA6203459547}.Debug|Any CPU.ActiveCfg = Debug|Any CPU
		{31480ECE-5516-40E6-867D-CA6203459547}.Debug|Any CPU.Build.0 = Debug|Any CPU
		{31480ECE-5516-40E6-867D-CA6203459547}.Release|Any CPU.ActiveCfg = Release|Any CPU
		{31480ECE-5516-40E6-867D-CA6203459547}.Release|Any CPU.Build.0 = Release|Any CPU
		{5CC6FEBE-F321-483C-BF80-AB2EAD50B875}.Debug|Any CPU.ActiveCfg = Debug|Any CPU
		{5CC6FEBE-F321-483C-BF80-AB2EAD50B875}.Debug|Any CPU.Build.0 = Debug|Any CPU
		{5CC6FEBE-F321-483C-BF80-AB2EAD50B875}.Release|Any CPU.ActiveCfg = Release|Any CPU
		{5CC6FEBE-F321-483C-BF80-AB2EAD50B875}.Release|Any CPU.Build.0 = Release|Any CPU
		{8C9B3D32-8A75-4898-AE65-AD8BF9D1FB02}.Debug|Any CPU.ActiveCfg = Debug|Any CPU
		{8C9B3D32-8A75-4898-AE65-AD8BF9D1FB02}.Debug|Any CPU.Build.0 = Debug|Any CPU
		{8C9B3D32-8A75-4898-AE65-AD8BF9D1FB02}.Release|Any CPU.ActiveCfg = Release|Any CPU
		{8C9B3D32-8A75-4898-AE65-AD8BF9D1FB02}.Release|Any CPU.Build.0 = Release|Any CPU
	EndGlobalSection
	GlobalSection(SolutionProperties) = preSolution
		HideSolutionNode = FALSE
	EndGlobalSection
	GlobalSection(ExtensibilityGlobals) = postSolution
		SolutionGuid = {7B486ED0-65DB-418B-B694-B271EA2000DE}
	EndGlobalSection
EndGlobal
